Microsoft Visual Studio Solution File, Format Version 12.00
# Visual Studio Version 17
VisualStudioVersion = 17.5.2.0
MinimumVisualStudioVersion = 10.0.40219.1
Project("{FAE04EC0-301F-11D3-BF4B-00C04F79EFBC}") = "Debugger", "Debugger\Debugger.csproj", "{3E1F1B88-37F1-AFBE-2060-303378A66F2D}"
EndProject
Project("{FAE04EC0-301F-11D3-BF4B-00C04F79EFBC}") = "IniParser", "IniParser\IniParser.csproj", "{E9A83AA8-A63E-593E-7A07-88FBEBD0D90F}"
EndProject
Project("{FAE04EC0-301F-11D3-BF4B-00C04F79EFBC}") = "ConsoleApp", "ConsoleApp\ConsoleApp.csproj", "{F57218BE-3B85-FB0E-58C1-A04A2D329F0B}"
EndProject
Project("{FAE04EC0-301F-11D3-BF4B-00C04F79EFBC}") = "WpfApp", "WpfApp\WpfApp.csproj", "{09E232D5-F16A-428D-9668-BF8580C99ED9}"
EndProject
Global
	GlobalSection(SolutionConfigurationPlatforms) = preSolution
		Debug|Any CPU = Debug|Any CPU
		Release|Any CPU = Release|Any CPU
	EndGlobalSection
	GlobalSection(ProjectConfigurationPlatforms) = postSolution
		{3E1F1B88-37F1-AFBE-2060-303378A66F2D}.Debug|Any CPU.ActiveCfg = Debug|Any CPU
		{3E1F1B88-37F1-AFBE-2060-303378A66F2D}.Debug|Any CPU.Build.0 = Debug|Any CPU
		{3E1F1B88-37F1-AFBE-2060-303378A66F2D}.Release|Any CPU.ActiveCfg = Release|Any CPU
		{3E1F1B88-37F1-AFBE-2060-303378A66F2D}.Release|Any CPU.Build.0 = Release|Any CPU
		{E9A83AA8-A63E-593E-7A07-88FBEBD0D90F}.Debug|Any CPU.ActiveCfg = Debug|Any CPU
		{E9A83AA8-A63E-593E-7A07-88FBEBD0D90F}.Debug|Any CPU.Build.0 = Debug|Any CPU
		{E9A83AA8-A63E-593E-7A07-88FBEBD0D90F}.Release|Any CPU.ActiveCfg = Release|Any CPU
		{E9A83AA8-A63E-593E-7A07-88FBEBD0D90F}.Release|Any CPU.Build.0 = Release|Any CPU
		{F57218BE-3B85-FB0E-58C1-A04A2D329F0B}.Debug|Any CPU.ActiveCfg = Debug|Any CPU
		{F57218BE-3B85-FB0E-58C1-A04A2D329F0B}.Debug|Any CPU.Build.0 = Debug|Any CPU
		{F57218BE-3B85-FB0E-58C1-A04A2D329F0B}.Release|Any CPU.ActiveCfg = Release|Any CPU
		{F57218BE-3B85-FB0E-58C1-A04A2D329F0B}.Release|Any CPU.Build.0 = Release|Any CPU
		{09E232D5-F16A-428D-9668-BF8580C99ED9}.Debug|Any CPU.ActiveCfg = Debug|Any CPU
		{09E232D5-F16A-428D-9668-BF8580C99ED9}.Debug|Any CPU.Build.0 = Debug|Any CPU
		{09E232D5-F16A-428D-9668-BF8580C99ED9}.Release|Any CPU.ActiveCfg = Release|Any CPU
		{09E232D5-F16A-428D-9668-BF8580C99ED9}.Release|Any CPU.Build.0 = Release|Any CPU
	EndGlobalSection
	GlobalSection(SolutionProperties) = preSolution
		HideSolutionNode = FALSE
	EndGlobalSection
	GlobalSection(ExtensibilityGlobals) = postSolution
		SolutionGuid = {9B813AF3-5A12-4082-9C5E-4DA0EDB82371}
	EndGlobalSection
EndGlobal
